# THIS IS AN AUTOGENERATED FILE. DO NOT EDIT THIS FILE DIRECTLY.
# yarn lockfile v1


"@babel/code-frame@^7.26.2":
  version "7.29.7"
  resolved "https://registry.yarnpkg.com/@babel/code-frame/-/code-frame-7.29.7.tgz#f2fbbfea87c44a21590ec515b778b2c26d8866e7"
  integrity sha512-Aup7aUOfpbAUg2ROOJN6Iw5f9DMBlzu0mIkm/malLQFN/YQgO48wCj0Kxa3sEHJvPVFg7siR+qRInwXd2qhQKw==
  dependencies:
    "@babel/helper-validator-identifier" "^7.29.7"
    js-tokens "^4.0.0"
    picocolors "^1.1.1"

"@babel/helper-validator-identifier@^7.29.7":
  version "7.29.7"
  resolved "https://registry.yarnpkg.com/@babel/helper-validator-identifier/-/helper-validator-identifier-7.29.7.tgz#bd87084ced0c796ec46bda492de6e83d29e89fc2"
  integrity sha512-qehxGkRj55h/ff8EMaJ+cYhyaKlHIxqYDn682wQD7RNp9UujOQsHog2uS0r2vzr4pW+sXf90NeeayjcNaX3fFg==

"@dprint/android-arm64@0.59.0":
  version "0.59.0"
  resolved "https://registry.yarnpkg.com/@dprint/android-arm64/-/android-arm64-0.59.0.tgz#e0df19c3371db5c5d960fa27a11506a6f5f67001"
  integrity sha512-Ot0HzZPPGZVzj6/9/KElM+P470s9/zjAhVEEU7ThFmoA+JlK/JF3Uf4AxfSQcQxGezMV7KVAewCIIrFx1MhFpA==

"@dprint/android-x64@0.59.0":
  version "0.59.0"
  resolved "https://registry.yarnpkg.com/@dprint/android-x64/-/android-x64-0.59.0.tgz#843a00a793862620d471735ba0c853ed15bd25d1"
  integrity sha512-7Xa5INWMwGmPbXj2ifKluL1yxoqQIMNc8fq3NrCkGiIOI0890dyl90GkR0JcE1dqHVwIKFspvTw3gUG5coENsA==

"@dprint/darwin-arm64@0.59.0":
  version "0.59.0"
  resolved "https://registry.yarnpkg.com/@dprint/darwin-arm64/-/darwin-arm64-0.59.0.tgz#d03146d2b203901dcc5a2997d5f71e7151acb8fb"
  integrity sha512-1woWHHVXXgpLcolRATsaowbn6OUpWj7dt8pPtop1Jg0n7tUoN2Y0Mwv+Wrh5Q8tOh+JTy9ytWDeA2cl+8GXibQ==

"@dprint/darwin-x64@0.59.0":
  version "0.59.0"
  resolved "https://registry.yarnpkg.com/@dprint/darwin-x64/-/darwin-x64-0.59.0.tgz#f2ea9eecac140c6dbd590f8cf5ab90d17fd97753"
  integrity sha512-NFoo3wuW+eB3+AGKqN2A9MF3K43yfxILjp+aKtAFAb3ZHajXaPj/0WqajUFH9Y41/d04oFenAmY/HQwsMNgh5Q==

"@dprint/linux-arm64-glibc@0.59.0":
  version "0.59.0"
  resolved "https://registry.yarnpkg.com/@dprint/linux-arm64-glibc/-/linux-arm64-glibc-0.59.0.tgz#69c58169ea82b21fe639c68a49f804eebde7380a"
  integrity sha512-2/b4MdcoCyGBXhIbCytiGkS1RRWWLih3TM78a5Q1YiNJYl28zKx32Bl+zbLhGyaUdrYPiAuKZORHtcL2G5OIzg==

"@dprint/linux-arm64-musl@0.59.0":
  version "0.59.0"
  resolved "https://registry.yarnpkg.com/@dprint/linux-arm64-musl/-/linux-arm64-musl-0.59.0.tgz#15b5d7d86e1ff62a4b9f5a1aec89381b6f8b8924"
  integrity sha512-3Oy/FLldjUSM/WnKQu6lvS508g6PPCyG9/lXD0y1j0zan80qTl2XCNR2oS5DfKPrtMbDoA/os5WFK/a7L90YDA==

"@dprint/linux-loong64-glibc@0.59.0":
  version "0.59.0"
  resolved "https://registry.yarnpkg.com/@dprint/linux-loong64-glibc/-/linux-loong64-glibc-0.59.0.tgz#92818a3336f3f192e0e8182289317309b95a84b9"
  integrity sha512-hQ1TwhgY8TPRgAArDNB6i52OykU355GFgvuqxhx7AJGAQAm/FDUJRpTypt+KB4XGnUbqloiCSy2IEOUvTHqqlA==

"@dprint/linux-loong64-musl@0.59.0":
  version "0.59.0"
  resolved "https://registry.yarnpkg.com/@dprint/linux-loong64-musl/-/linux-loong64-musl-0.59.0.tgz#4bc0d72af9ad0de637cf3460167c197cf9de8e5e"
  integrity sha512-y7Z9MdecQqyveRQzwSMpPKw0XrbOWyWxQtX1XJxtb9PalyCTzPHDkrO+lAjNm/35Rzp2DsZfUy/yVH126L/C/Q==

"@dprint/linux-ppc64-glibc@0.59.0":
  version "0.59.0"
  resolved "https://registry.yarnpkg.com/@dprint/linux-ppc64-glibc/-/linux-ppc64-glibc-0.59.0.tgz#88eef1aee196bce04f9e70e54edc184d4b4c364f"
  integrity sha512-VJPuqiGkpP6OUYBF5Tzc/bx+L3LDXNmoWsujSwrQyxCiqctG+3OaWYAEbzFUNMylIRjCqAX0sO6FYXqiv5lI2g==

"@dprint/linux-ppc64-musl@0.59.0":
  version "0.59.0"
  resolved "https://registry.yarnpkg.com/@dprint/linux-ppc64-musl/-/linux-ppc64-musl-0.59.0.tgz#9c97514294409e2014b117777c48909b99d55f80"
  integrity sha512-0bhSWqT5d00RTw2yMc9wV3ng2Hut6arJFjtz1gsj5sFUvmu+uksVTicBh/WYBvVxMLvMe91ZTUF8F5g4/cpB/Q==

"@dprint/linux-riscv64-glibc@0.59.0":
  version "0.59.0"
  resolved "https://registry.yarnpkg.com/@dprint/linux-riscv64-glibc/-/linux-riscv64-glibc-0.59.0.tgz#1845dc89a1d49a58b968a4194dc78a0bdf386966"
  integrity sha512-RfIDsOVtT9Nez+rbG9eIr21VOF3lmUpF/1qUUQOiFiisGWD3Kinm4pyB37HjS/OeN5Uv+hFalBACLdwC8cURZQ==

"@dprint/linux-x64-glibc@0.59.0":
  version "0.59.0"
  resolved "https://registry.yarnpkg.com/@dprint/linux-x64-glibc/-/linux-x64-glibc-0.59.0.tgz#5edff60952076e9c564eebe492bf9f808d8ecf21"
  integrity sha512-jB+vpaB4LJ1t8HYagmcRq0/QDkFq5iTHcyIjBifB60yIHlm5ftt3hsSshEieqLgTQg1EbbgLkkLMgr9PCVoMAg==

"@dprint/linux-x64-musl@0.59.0":
  version "0.59.0"
  resolved "https://registry.yarnpkg.com/@dprint/linux-x64-musl/-/linux-x64-musl-0.59.0.tgz#f7ea2ebcbca9d0e56493f0617a8c2e179b77024e"
  integrity sha512-k4uQbIqFKFOAT0h10c9FYFW/VgsnfbOp9hZXjWxq4OnWNbrFVugn25CcpnYrJ5zPVpvTiwjI0chEPE1NNhxpLA==

"@dprint/win32-arm64@0.59.0":
  version "0.59.0"
  resolved "https://registry.yarnpkg.com/@dprint/win32-arm64/-/win32-arm64-0.59.0.tgz#8d23fad033e492443d349bee5b4e4a92978ad42f"
  integrity sha512-OBBRuU5B0yvqagqCxsK4Q8+2ep8/dniIv9iw8fq7ikcNh8ljCxt29lHNDoGLsUwzSVPCw36ZiIWi7UxIfedI5g==

"@dprint/win32-x64@0.59.0":
  version "0.59.0"
  resolved "https://registry.yarnpkg.com/@dprint/win32-x64/-/win32-x64-0.59.0.tgz#45ef345866a8beab96eaa4e5314105b86cf76285"
  integrity sha512-JBNGZ7FSCWIxX+cbBxeeqwSgsA4NTYNR8TBXFZ52+8fMutAtCYJ6oyCDk7TZVm9E09oOswasYgUpHTj+lwU4oQ==

"@isaacs/fs-minipass@^4.0.0":
  version "4.0.1"
  resolved "https://registry.yarnpkg.com/@isaacs/fs-minipass/-/fs-minipass-4.0.1.tgz#2d59ae3ab4b38fb4270bfa23d30f8e2e86c7fe32"
  integrity sha512-wgm9Ehl2jpeqP3zw/7mo3kRHFp5MEDhqAdwy1fTGkHAwnkGOVsgpvQhL8B5n1qlb01jV3n/bI0ZfZp5lWA1k4w==
  dependencies:
    minipass "^7.0.4"

"@popperjs/core@^2.11.8":
  version "2.11.8"
  resolved "https://registry.yarnpkg.com/@popperjs/core/-/core-2.11.8.tgz#6b79032e760a0899cd4204710beede972a3a185f"
  integrity sha512-P1st0aksCrn9sGZhp8GMYwBnQsbvAWsZAX44oXNNvLHGqAOcoVxmjZiohstwQ7SqKnbR47akdNi+uleWD8+g6A==

"@types/normalize-package-data@^2.4.4":
  version "2.4.4"
  resolved "https://registry.yarnpkg.com/@types/normalize-package-data/-/normalize-package-data-2.4.4.tgz#56e2cc26c397c038fab0e3a917a12d5c5909e901"
  integrity sha512-37i+OaWTh9qeK4LSHPsyRC7NahnGotNuZvjLSgcPzblpHB3rrCJxAOgI5gCdKm7coonsaX1Of0ILiTcnZjbfxA==

adm-zip@^0.5.16:
  version "0.5.18"
  resolved "https://registry.yarnpkg.com/adm-zip/-/adm-zip-0.5.18.tgz#283a05f2bf1e3fd315f0f31cde29b7a6e3c1619d"
  integrity sha512-ufJnssQGbxzLNS1Ho9bCtX4rQKCCvoVuDLHoJyc3F9dOGDB4BkWs2Ci0kv53lqocAEQ/Cbi+I2XCsNYGqVYqng==

ansi-regex@^6.2.2:
  version "6.4.0"
  resolved "https://registry.yarnpkg.com/ansi-regex/-/ansi-regex-6.4.0.tgz#69093d6436d30dbb9b04fe7bdcbcfe16c697d8a1"
  integrity sha512-KzTVk2tCWAHtYrvvvaP8bJKJq2pVinhLcGEQdtLIYPbmNGNyYe8QwNaTUYQp2J7/vIsUKt5QCqAfUkYyG9DkOw==

ansi-styles@^6.2.1:
  version "6.2.3"
  resolved "https://registry.yarnpkg.com/ansi-styles/-/ansi-styles-6.2.3.tgz#c044d5dcc521a076413472597a1acb1f103c4041"
  integrity sha512-4Dj6M28JB+oAH8kFkTLUo+a2jwOFkuqb3yucU0CANcRRUbxS0cP0nZYCGjcc3BNXwRIsUVmDGgzawme7zvJHvg==

argparse@^1.0.7:
  version "1.0.10"
  resolved "https://registry.yarnpkg.com/argparse/-/argparse-1.0.10.tgz#bcd6791ea5ae09725e17e5ad988134cd40b3d911"
  integrity sha512-o5Roy6tNG4SL/FOkCAN6RzjiakZS25RLYFrcMttJqbdd8BWrnA+fGz57iN5Pb06pvBGvl5gQ0B48dJlslXvoTg==
  dependencies:
    sprintf-js "~1.0.2"

autoprefixer@^10.6.1:
  version "10.6.1"
  resolved "https://registry.yarnpkg.com/autoprefixer/-/autoprefixer-10.6.1.tgz#437cea1a0b96cedc4065c05327b728b1594faf27"
  integrity sha512-cL1Qz6ADZhcEbny/8HPfe99J6HhNoYtpX2LFLIbhgGE7Q1hlQVkYFdetDN7Id3KiQxhDrHwzlHr/YQCnZ8+xSA==
  dependencies:
    browserslist "^4.28.9"
    caniuse-lite "^1.0.30001810"
    fraction.js "^5.3.4"
    picocolors "^1.1.1"
    postcss-value-parser "^4.2.0"

baseline-browser-mapping@^2.11.26:
  version "2.11.26"
  resolved "https://registry.yarnpkg.com/baseline-browser-mapping/-/baseline-browser-mapping-2.11.26.tgz#01bf6774efb3fbb9de20afc6b923ab85c7d230a6"
  integrity sha512-GLQdD3y6UF8iVuMJl5fHgE4jdn/ua7n+toKfLgNlg3BqQtOZjpy68T8Tup8/wGWZCDlm7KMg7tPb4MPn7oN0TQ==

browserslist@^4.28.9:
  version "4.29.3"
  resolved "https://registry.yarnpkg.com/browserslist/-/browserslist-4.29.3.tgz#9c8dafe96ab1c8e40e21c1274bdfa05aaee46476"
  integrity sha512-1R4kiYKXGViqEN0CnoDrXc1StD9niAwu+j2dukWzrD4bJgsD4lDmEp0CRbc6E/vYJIfTHwPmwyaKtVSudICdPA==
  dependencies:
    baseline-browser-mapping "^2.11.26"
    caniuse-lite "^1.0.30001813"
    electron-to-chromium "^1.5.439"
    node-releases "^2.0.57"
    update-browserslist-db "^1.3.3"

caniuse-lite@^1.0.30001810, caniuse-lite@^1.0.30001813:
  version "1.0.30001813"
  resolved "https://registry.yarnpkg.com/caniuse-lite/-/caniuse-lite-1.0.30001813.tgz#acc16d52a011b87873b14e3c62040bb273c270eb"
  integrity sha512-zfjJo4rM0+fUomGDBW/xcDjhIwz/210DGvip2MAMDZ8KHcRPnOHmEgHPZP0UHlZoxr8fYKVJOqcORhYQcG4FKQ==

chokidar@^5.0.0:
  version "5.0.0"
  resolved "https://registry.yarnpkg.com/chokidar/-/chokidar-5.0.0.tgz#949c126a9238a80792be9a0265934f098af369a5"
  integrity sha512-TQMmc3w+5AxjpL8iIiwebF73dRDF4fBIieAqGn9RGCWaEVwQ6Fb2cGe31Yns0RRIzii5goJ1Y7xbMwo1TxMplw==
  dependencies:
    readdirp "^5.0.0"

chownr@^3.0.0:
  version "3.0.0"
  resolved "https://registry.yarnpkg.com/chownr/-/chownr-3.0.0.tgz#9855e64ecd240a9cc4267ce8a4aa5d24a1da15e4"
  integrity sha512-+IxzY9BZOQd/XuYPRmrvEVjF/nqj5kgT4kEq7VofrDoM1MxoRjEWkrCC3EtLi59TVawxTAn+orJwFQcrqEN1+g==

clipboard@^2.0.11:
  version "2.0.11"
  resolved "https://registry.yarnpkg.com/clipboard/-/clipboard-2.0.11.tgz#62180360b97dd668b6b3a84ec226975762a70be5"
  integrity sha512-C+0bbOqkezLIsmWSvlsXS0Q0bmkugu7jcfMIACB+RDEntIzQIkdr148we28AfSloQLRdZlYL/QYyrq05j/3Faw==
  dependencies:
    good-listener "^1.2.2"
    select "^1.1.2"
    tiny-emitter "^2.0.0"

cliui@^9.0.1:
  version "9.0.1"
  resolved "https://registry.yarnpkg.com/cliui/-/cliui-9.0.1.tgz#6f7890f386f6f1f79953adc1f78dec46fcc2d291"
  integrity sha512-k7ndgKhwoQveBL+/1tqGJYNz097I7WOvwbmmU2AR5+magtbjPWQTS1C5vzGkBC8Ym8UWRzfKUzUUqFLypY4Q+w==
  dependencies:
    string-width "^7.2.0"
    strip-ansi "^7.1.0"
    wrap-ansi "^9.0.0"

delegate@^3.1.2:
  version "3.2.0"
  resolved "https://registry.yarnpkg.com/delegate/-/delegate-3.2.0.tgz#b66b71c3158522e8ab5744f720d8ca0c2af59166"
  integrity sha512-IofjkYBZaZivn0V8nnsMJGBr4jVLxHDheKSW88PyxS5QC4Vo9ZbZVvhzlSxY87fVq3STR6r+4cGepyHkcWOQSw==

dependency-graph@^1.0.0:
  version "1.0.0"
  resolved "https://registry.yarnpkg.com/dependency-graph/-/dependency-graph-1.0.0.tgz#bb5e85aec1310bc13b22dbd76e3196c4ee4c10d2"
  integrity sha512-cW3gggJ28HZ/LExwxP2B++aiKxhJXMSIt9K48FOXQkm+vuG5gyatXnLsONRJdzO/7VfjDIiaOOa/bs4l464Lwg==

dprint@^0.59.0:
  version "0.59.0"
  resolved "https://registry.yarnpkg.com/dprint/-/dprint-0.59.0.tgz#593f199a81677d94480dece6cad2b52a910cfa87"
  integrity sha512-oVCCCZPS1uFFOGIuw+ioaNIkwpwV3Cb+J0VKdFpxwtHpwzZewsBPgVvBuAjeeN55yCnRlEoMMSpBLB8GwvyGtQ==
  optionalDependencies:
    "@dprint/android-arm64" "0.59.0"
    "@dprint/android-x64" "0.59.0"
    "@dprint/darwin-arm64" "0.59.0"
    "@dprint/darwin-x64" "0.59.0"
    "@dprint/linux-arm64-glibc" "0.59.0"
    "@dprint/linux-arm64-musl" "0.59.0"
    "@dprint/linux-loong64-glibc" "0.59.0"
    "@dprint/linux-loong64-musl" "0.59.0"
    "@dprint/linux-ppc64-glibc" "0.59.0"
    "@dprint/linux-ppc64-musl" "0.59.0"
    "@dprint/linux-riscv64-glibc" "0.59.0"
    "@dprint/linux-x64-glibc" "0.59.0"
    "@dprint/linux-x64-musl" "0.59.0"
    "@dprint/win32-arm64" "0.59.0"
    "@dprint/win32-x64" "0.59.0"

electron-to-chromium@^1.5.439:
  version "1.5.441"
  resolved "https://registry.yarnpkg.com/electron-to-chromium/-/electron-to-chromium-1.5.441.tgz#764a3aac8011bab558f7cea244cdcf2db3130ae5"
  integrity sha512-b84H5dyxtHtXYbJRJPLvbS+iud4ys2GVZ61BH7/9lJrfCcIL+Sk+Vh2AW6beaErTdstvjZLgEwkE2j0fZlmwRA==

emoji-regex@^10.3.0:
  version "10.6.0"
  resolved "https://registry.yarnpkg.com/emoji-regex/-/emoji-regex-10.6.0.tgz#bf3d6e8f7f8fd22a65d9703475bc0147357a6b0d"
  integrity sha512-toUI84YS5YmxW219erniWD0CIVOo46xGKColeNQRgOzDorgBi1v4D71/OFzgD9GO2UGKIv1C3Sp8DAn0+j5w7A==

escalade@^3.1.1:
  version "3.1.1"
  resolved "https://registry.yarnpkg.com/escalade/-/escalade-3.1.1.tgz#d8cfdc7000965c5a0174b4a82eaa5c0552742e40"
  integrity sha512-k0er2gUkLf8O0zKJiAhmkTnJlTvINGv7ygDNPbeIsX/TJjGJZHuh9B2UxbsaEkmlEo9MfhrSzmhIlhRlI2GXnw==

escalade@^3.2.0:
  version "3.2.0"
  resolved "https://registry.yarnpkg.com/escalade/-/escalade-3.2.0.tgz#011a3f69856ba189dffa7dc8fcce99d2a87903e5"
  integrity sha512-WUj2qlxaQtO4g6Pq5c29GTcWGDyd8itL8zTlipgECz3JesAiiOKotd8JU6otB3PACgG6xkJUyVhboMS+bje/jA==

esprima@^4.0.0:
  version "4.0.1"
  resolved "https://registry.yarnpkg.com/esprima/-/esprima-4.0.1.tgz#13b04cdb3e6c5d19df91ab6987a8695619b0aa71"
  integrity sha512-eGuFFw7Upda+g4p+QHvnW0RyTX/SVeJBDM/gCtMARO0cLuT2HcEKnTPvhjV6aGeqrCB/sbNop0Kszm0jsaWU4A==

extend-shallow@^2.0.1:
  version "2.0.1"
  resolved "https://registry.yarnpkg.com/extend-shallow/-/extend-shallow-2.0.1.tgz#51af7d614ad9a9f610ea1bafbb989d6b1c56890f"
  integrity sha512-zCnTtlxNoAiDc3gqY2aYAWFx7XWWiasuF2K8Me5WbN8otHKTUKBwjPtNpRs/rbUZm7KxWAaNj7P1a/p52GbVug==
  dependencies:
    is-extendable "^0.1.0"

fdir@^6.4.3:
  version "6.4.3"
  resolved "https://registry.yarnpkg.com/fdir/-/fdir-6.4.3.tgz#011cdacf837eca9b811c89dbb902df714273db72"
  integrity sha512-PMXmW2y1hDDfTSRc9gaXIuCCRpuoz3Kaz8cUelp3smouvfT632ozg2vrT6lJsHKKOF59YLbOGfAWGUcKEfRMQw==

find-up-simple@^1.0.1:
  version "1.0.1"
  resolved "https://registry.yarnpkg.com/find-up-simple/-/find-up-simple-1.0.1.tgz#18fb90ad49e45252c4d7fca56baade04fa3fca1e"
  integrity sha512-afd4O7zpqHeRyg4PfDQsXmlDe2PfdHtJt6Akt8jOWaApLOZk5JXs6VMR29lz03pRe9mpykrRCYIYxaJYcfpncQ==

fraction.js@^5.3.4:
  version "5.3.4"
  resolved "https://registry.yarnpkg.com/fraction.js/-/fraction.js-5.3.4.tgz#8c0fcc6a9908262df4ed197427bdeef563e0699a"
  integrity sha512-1X1NTtiJphryn/uLQz3whtY6jK3fTqoE3ohKs0tT+Ujr1W59oopxmoEh7Lu5p6vBaPbgoM0bzveAW4Qi5RyWDQ==

get-caller-file@^2.0.5:
  version "2.0.5"
  resolved "https://registry.yarnpkg.com/get-caller-file/-/get-caller-file-2.0.5.tgz#4f94412a82db32f36e3b0b9741f8a97feb031f7e"
  integrity sha512-DyFP3BM/3YHTQOCUL/w0OZHR0lpKeGrxotcHWcqNEdnltqFwXVfhEBQ94eIo34AfQpo0rGki4cyIiftY06h2Fg==

get-east-asian-width@^1.0.0, get-east-asian-width@^1.5.0:
  version "1.7.0"
  resolved "https://registry.yarnpkg.com/get-east-asian-width/-/get-east-asian-width-1.7.0.tgz#7ee99f0bd5ab7c622002deeabba232923726d1d4"
  integrity sha512-XjH1AECxf0giL2V1aU8vKyRR2ppRUb5c0EvT7zuJTokQ74bNo52zOtghqdWIqrhUD79fo3x0WfKZdOqxF6LG1Q==

good-listener@^1.2.2:
  version "1.2.2"
  resolved "https://registry.yarnpkg.com/good-listener/-/good-listener-1.2.2.tgz#d53b30cdf9313dffb7dc9a0d477096aa6d145c50"
  integrity sha512-goW1b+d9q/HIwbVYZzZ6SsTr4IgE+WA44A0GmPIQstuOrgsFcT7VEJ48nmr9GaRtNu0XTKacFLGnBPAM6Afouw==
  dependencies:
    delegate "^3.1.2"

gray-matter@^4.0.3:
  version "4.0.3"
  resolved "https://registry.yarnpkg.com/gray-matter/-/gray-matter-4.0.3.tgz#e893c064825de73ea1f5f7d88c7a9f7274288798"
  integrity sha512-5v6yZd4JK3eMI3FqqCouswVqwugaA9r4dNZB1wwcmrD02QkV5H0y7XBQW8QwQqEaZY1pM9aqORSORhJRdNK44Q==
  dependencies:
    js-yaml "^3.13.1"
    kind-of "^6.0.2"
    section-matter "^1.0.0"
    strip-bom-string "^1.0.0"

hcl2-parser@^1.0.3:
  version "1.0.3"
  resolved "https://registry.yarnpkg.com/hcl2-parser/-/hcl2-parser-1.0.3.tgz#096d0ff5a3c46707ace54fcb7571317f5828ff0e"
  integrity sha512-NQUm/BFF+2nrBfeqDhhsy4DxxiLHgkeE3FywtjFiXnjSUaio3w4Tz1MQ3vGJBUhyArzOXJ24pO7JwE5LAn7Ncg==

hint.css@2.2.0:
  version "2.2.0"
  resolved "https://registry.yarnpkg.com/hint.css/-/hint.css-2.2.0.tgz#11b3a58686b8e81041fd6ec98d618dc0b38baa1e"
  integrity sha512-uw9QdzQCVi2oGMYu5kInD6qM3m1slv4oC7unyUkHsWfxKVv0t88XWE8dasvVArsCBefJTO50U8udIYhSOeK3DQ==

hosted-git-info@^9.0.0:
  version "9.0.3"
  resolved "https://registry.yarnpkg.com/hosted-git-info/-/hosted-git-info-9.0.3.tgz#637b511ce62a28e4261a92b8da0a4d6be3522cd4"
  integrity sha512-Hc+ghLoSt6QaYZUv0WBiIvmMDZuZZ7oaDvdH8MbfOO4lOsxdXLEvuC6ePoGs9H1X9oCLyq6+NVN0MKqD+ydxyg==
  dependencies:
    lru-cache "^11.1.0"

html-hint@^0.2.4:
  version "0.2.4"
  resolved "https://registry.yarnpkg.com/html-hint/-/html-hint-0.2.4.tgz#e327c10fd302e46b215c17a3f9a067dc54c30e27"
  integrity sha512-JeKuUjWSlCQa2SBw49Pk7GOJWCA1dDfAjubOZbaKSf7dHw+Dy24MJTX0sgG35McpXBerNqxGMk0r2FGzizl1FQ==
  dependencies:
    hint.css "2.2.0"

hugo-extended@0.153.1:
  version "0.153.1"
  resolved "https://registry.yarnpkg.com/hugo-extended/-/hugo-extended-0.153.1.tgz#41b42ad373eae916b7a1616975bc3a47224861bf"
  integrity sha512-m9nM+v9gw1O/5WnirpFOk01MQxo9CdUZEnK3xCnc+Vsz/d0LfBOZRH8/6ZoGg7daZePq/ZyC04JeilU+1QJ8mQ==
  dependencies:
    adm-zip "^0.5.16"
    log-symbols "^7.0.1"
    read-package-up "^12.0.0"
    tar "^7.5.2"

index-to-position@^1.1.0:
  version "1.2.0"
  resolved "https://registry.yarnpkg.com/index-to-position/-/index-to-position-1.2.0.tgz#c800eb34dacf4dbf96b9b06c7eb78d5f704138b4"
  integrity sha512-Yg7+ztRkqslMAS2iFaU+Oa4KTSidr63OsFGlOrJoW981kIYO3CGCS3wA95P1mUi/IVSJkn0D479KTJpVpvFNuw==

is-extendable@^0.1.0:
  version "0.1.1"
  resolved "https://registry.yarnpkg.com/is-extendable/-/is-extendable-0.1.1.tgz#62b110e289a471418e3ec36a617d472e301dfc89"
  integrity sha512-5BMULNob1vgFX6EjQw5izWDxrecWK9AM72rugNr0TFldMOi0fj6Jk+zeKIt0xGj4cEfQIJth4w3OKWOJ4f+AFw==

is-unicode-supported@^2.0.0:
  version "2.1.0"
  resolved "https://registry.yarnpkg.com/is-unicode-supported/-/is-unicode-supported-2.1.0.tgz#09f0ab0de6d3744d48d265ebb98f65d11f2a9b3a"
  integrity sha512-mE00Gnza5EEB3Ds0HfMyllZzbBrmLOX3vfWoj9A9PEnTfratQ/BcaJOuMhnkhjXvb2+FkY3VuHqtAGpTPmglFQ==

js-tokens@^4.0.0:
  version "4.0.0"
  resolved "https://registry.yarnpkg.com/js-tokens/-/js-tokens-4.0.0.tgz#19203fb59991df98e3a287050d4647cdeaf32499"
  integrity sha512-RdJUflcE3cUzKiMqQgsCu06FPu9UdIJO0beYbPhHN4k6apgJtifcoCtT9bcxOpYBtpD2kCM6Sbzg4CausW/PKQ==

js-yaml@^3.13.1:
  version "3.14.2"
  resolved "https://registry.yarnpkg.com/js-yaml/-/js-yaml-3.14.2.tgz#77485ce1dd7f33c061fd1b16ecea23b55fcb04b0"
  integrity sha512-PMSmkqxr106Xa156c2M265Z+FTrPl+oxd/rgOQy2tijQeK5TxQ43psO1ZCwhVOSdnn+RzkzlRz/eY4BgJBYVpg==
  dependencies:
    argparse "^1.0.7"
    esprima "^4.0.0"

kind-of@^6.0.0, kind-of@^6.0.2:
  version "6.0.3"
  resolved "https://registry.yarnpkg.com/kind-of/-/kind-of-6.0.3.tgz#07c05034a6c349fa06e24fa35aa76db4580ce4dd"
  integrity sha512-dcS1ul+9tmeD95T+x28/ehLgd9mENa3LsvDTtzm3vyBEO7RPptvAD+t44WVXaUjTBRcrpFeFlC8WCruUR456hw==

lilconfig@^3.1.1:
  version "3.1.2"
  resolved "https://registry.yarnpkg.com/lilconfig/-/lilconfig-3.1.2.tgz#e4a7c3cb549e3a606c8dcc32e5ae1005e62c05cb"
  integrity sha512-eop+wDAvpItUys0FWkHIKeC9ybYrTGbU41U5K7+bttZZeohvnY7M9dZ5kB21GNWiFT2q1OoPTvncPCgSOVO5ow==

log-symbols@^7.0.1:
  version "7.0.1"
  resolved "https://registry.yarnpkg.com/log-symbols/-/log-symbols-7.0.1.tgz#f52e68037d96f589fc572ff2193dc424d48c195b"
  integrity sha512-ja1E3yCr9i/0hmBVaM0bfwDjnGy8I/s6PP4DFp+yP+a+mrHO4Rm7DtmnqROTUkHIkqffC84YY7AeqX6oFk0WFg==
  dependencies:
    is-unicode-supported "^2.0.0"
    yoctocolors "^2.1.1"

lru-cache@^11.1.0:
  version "11.5.2"
  resolved "https://registry.yarnpkg.com/lru-cache/-/lru-cache-11.5.2.tgz#00e16665c90c620fba14a3c368732a976493f760"
  integrity sha512-4pfM1Ff0x50o0tQwb5ucw/RzNyD0/YJME6IVcStalZuMWxdt3sR3huStTtxz4PUmvZfRguvDejasvQ2kifR11g==

lunr@^2.3.9:
  version "2.3.9"
  resolved "https://registry.yarnpkg.com/lunr/-/lunr-2.3.9.tgz#18b123142832337dd6e964df1a5a7707b25d35e1"
  integrity sha512-zTU3DaZaF3Rt9rhN3uBMGQD3dD2/vFQqnvZCDv4dl5iOzq2IZQqTxu90r4E5J+nP70J3ilqVCrbho2eWaeW8Ow==

minipass@^7.0.4, minipass@^7.1.2:
  version "7.1.3"
  resolved "https://registry.yarnpkg.com/minipass/-/minipass-7.1.3.tgz#79389b4eb1bb2d003a9bba87d492f2bd37bdc65b"
  integrity sha512-tEBHqDnIoM/1rXME1zgka9g6Q2lcoCkxHLuc7ODJ5BxbP5d4c2Z5cGgtXAku59200Cx7diuHTOYfSBD8n6mm8A==

minizlib@^3.1.0:
  version "3.1.0"
  resolved "https://registry.yarnpkg.com/minizlib/-/minizlib-3.1.0.tgz#6ad76c3a8f10227c9b51d1c9ac8e30b27f5a251c"
  integrity sha512-KZxYo1BUkWD2TVFLr0MQoM8vUUigWD3LlD83a/75BqC+4qE0Hb1Vo5v1FgcfaNXvfXzr+5EhQ6ing/CaBijTlw==
  dependencies:
    minipass "^7.1.2"

nanoid@^3.3.18:
  version "3.3.19"
  resolved "https://registry.yarnpkg.com/nanoid/-/nanoid-3.3.19.tgz#336d4aa4bcd4fb24d2cddede7ffeae40bec03f0a"
  integrity sha512-Y2tUNy4ouw6tq5oDSKeQYGOyhkUBhNOcGV/02KC+6kd9eDGqdZd++mjMiIDilrBYvjEnCYvVtsuHCuP+okSfug==

node-releases@^2.0.57:
  version "2.0.57"
  resolved "https://registry.yarnpkg.com/node-releases/-/node-releases-2.0.57.tgz#47827d34b86a98b4b7afacc1222878c286b6ef2d"
  integrity sha512-kQK9LGGFiHtrWiNhZtA7Qbw17AQz+dmsEKODRIVTXA9+e5MS/2gZEBhYJt13GrAz5/IOZKddH/0Z3TP/Zgo+yw==

normalize-package-data@^8.0.0:
  version "8.0.0"
  resolved "https://registry.yarnpkg.com/normalize-package-data/-/normalize-package-data-8.0.0.tgz#bdce7ff2d6ba891b853e179e45a5337766e304a7"
  integrity sha512-RWk+PI433eESQ7ounYxIp67CYuVsS1uYSonX3kA6ps/3LWfjVQa/ptEg6Y3T6uAMq1mWpX9PQ+qx+QaHpsc7gQ==
  dependencies:
    hosted-git-info "^9.0.0"
    semver "^7.3.5"
    validate-npm-package-license "^3.0.4"

parse-json@^8.3.0:
  version "8.3.0"
  resolved "https://registry.yarnpkg.com/parse-json/-/parse-json-8.3.0.tgz#88a195a2157025139a2317a4f2f9252b61304ed5"
  integrity sha512-ybiGyvspI+fAoRQbIPRddCcSTV9/LsJbf0e/S85VLowVGzRmokfneg2kwVW/KU5rOXrPSbF1qAKPMgNTqqROQQ==
  dependencies:
    "@babel/code-frame" "^7.26.2"
    index-to-position "^1.1.0"
    type-fest "^4.39.1"

picocolors@^1.0.0, picocolors@^1.1.1:
  version "1.1.1"
  resolved "https://registry.yarnpkg.com/picocolors/-/picocolors-1.1.1.tgz#3d321af3eab939b083c8f929a1d12cda81c26b6b"
  integrity sha512-xceH2snhtb5M9liqDsmEw56le376mTZkEX/jEb/RxNFyegNul7eNslCXP9FDj/Lcu0X8KEyMceP2ntpaHrDEVA==

picomatch@^4.0.2:
  version "4.0.2"
  resolved "https://registry.yarnpkg.com/picomatch/-/picomatch-4.0.2.tgz#77c742931e8f3b8820946c76cd0c1f13730d1dab"
  integrity sha512-M7BAV6Rlcy5u+m6oPhAPFgJTzAioX/6B0DxyvDlo9l8+T3nLKbrczg2WLUyzd45L8RqfUMyGPzekbMvX2Ldkwg==

pify@^2.3.0:
  version "2.3.0"
  resolved "https://registry.yarnpkg.com/pify/-/pify-2.3.0.tgz#ed141a6ac043a849ea588498e7dca8b15330e90c"
  integrity sha512-udgsAY+fTnvv7kI7aaxbqwWNb0AHiB0qBO89PZKPkoTmGOgdbrHDKD+0B2X4uTfJ/FT1R09r9gTsjUjNJotuog==

postcss-cli@^12.0.0:
  version "12.0.0"
  resolved "https://registry.yarnpkg.com/postcss-cli/-/postcss-cli-12.0.0.tgz#eedc5d69fd4f3b83de261b604e4f158c92754d10"
  integrity sha512-57J2u1NuXuqGXftaK9JFEr/J3vtLzWpdN+RHs8GeeKUlvX7PU18VQJA57t0Rzf4CmbSfQApCwJIPrSFanQu5tQ==
  dependencies:
    chokidar "^5.0.0"
    dependency-graph "^1.0.0"
    picocolors "^1.0.0"
    postcss-load-config "^6.0.0"
    postcss-reporter "^7.0.0"
    pretty-hrtime "^1.0.3"
    read-cache "^1.0.0"
    slash "^5.0.0"
    tinyglobby "^0.2.12"
    yargs "^18.0.0"

postcss-load-config@^6.0.0:
  version "6.0.1"
  resolved "https://registry.yarnpkg.com/postcss-load-config/-/postcss-load-config-6.0.1.tgz#6fd7dcd8ae89badcf1b2d644489cbabf83aa8096"
  integrity sha512-oPtTM4oerL+UXmx+93ytZVN82RrlY/wPUV8IeDxFrzIjXOLF1pN+EmKPLbubvKHT2HC20xXsCAH2Z+CKV6Oz/g==
  dependencies:
    lilconfig "^3.1.1"

postcss-reporter@^7.0.0:
  version "7.1.0"
  resolved "https://registry.yarnpkg.com/postcss-reporter/-/postcss-reporter-7.1.0.tgz#5ec476d224e2fe25a054e3c66d9b2901d4fab422"
  integrity sha512-/eoEylGWyy6/DOiMP5lmFRdmDKThqgn7D6hP2dXKJI/0rJSO1ADFNngZfDzxL0YAxFvws+Rtpuji1YIHj4mySA==
  dependencies:
    picocolors "^1.0.0"
    thenby "^1.3.4"

postcss-value-parser@^4.2.0:
  version "4.2.0"
  resolved "https://registry.yarnpkg.com/postcss-value-parser/-/postcss-value-parser-4.2.0.tgz#723c09920836ba6d3e5af019f92bc0971c02e514"
  integrity sha512-1NNCs6uurfkVbeXG4S8JFT9t19m45ICnif8zWLd5oPSZ50QnwMfK+H3jv408d4jw/7Bttv5axS5IiHoLaVNHeQ==

postcss@^8.5.28:
  version "8.5.28"
  resolved "https://registry.yarnpkg.com/postcss/-/postcss-8.5.28.tgz#da4563a99a06e62d6c1cd1acae363224bcaed6e9"
  integrity sha512-RRuzqDtt5Y9h3quz5hWhK+TPnsmVs6WwSU6LkJMeY4HstUEDuYTG8UJSdawMRzmzAtV+KEoG8N3Qg2qLy5vM/A==
  dependencies:
    nanoid "^3.3.18"
    picocolors "^1.1.1"
    source-map-js "^1.2.1"

pretty-hrtime@^1.0.3:
  version "1.0.3"
  resolved "https://registry.yarnpkg.com/pretty-hrtime/-/pretty-hrtime-1.0.3.tgz#b7e3ea42435a4c9b2759d99e0f201eb195802ee1"
  integrity sha512-66hKPCr+72mlfiSjlEB1+45IjXSqvVAIy6mocupoww4tBFE9R9IhwwUGoI4G++Tc9Aq+2rxOt0RFU6gPcrte0A==

read-cache@^1.0.0:
  version "1.0.0"
  resolved "https://registry.yarnpkg.com/read-cache/-/read-cache-1.0.0.tgz#e664ef31161166c9751cdbe8dbcf86b5fb58f774"
  integrity sha512-Owdv/Ft7IjOgm/i0xvNDZ1LrRANRfew4b2prF3OWMQLxLfu3bS8FVhCsrSCMK4lR56Y9ya+AThoTpDCTxCmpRA==
  dependencies:
    pify "^2.3.0"

read-package-up@^12.0.0:
  version "12.0.0"
  resolved "https://registry.yarnpkg.com/read-package-up/-/read-package-up-12.0.0.tgz#7ae889586f397b7a291ca59ce08caf7e9f68a61c"
  integrity sha512-Q5hMVBYur/eQNWDdbF4/Wqqr9Bjvtrw2kjGxxBbKLbx8bVCL8gcArjTy8zDUuLGQicftpMuU0riQNcAsbtOVsw==
  dependencies:
    find-up-simple "^1.0.1"
    read-pkg "^10.0.0"
    type-fest "^5.2.0"

read-pkg@^10.0.0:
  version "10.1.0"
  resolved "https://registry.yarnpkg.com/read-pkg/-/read-pkg-10.1.0.tgz#eff31c7e505a4995a85c5af017b3dc413745431c"
  integrity sha512-I8g2lArQiP78ll51UeMZojewtYgIRCKCWqZEgOO8c/uefTI+XDXvCSXu3+YNUaTNvZzobrL5+SqHjBrByRRTdg==
  dependencies:
    "@types/normalize-package-data" "^2.4.4"
    normalize-package-data "^8.0.0"
    parse-json "^8.3.0"
    type-fest "^5.4.4"
    unicorn-magic "^0.4.0"

readdirp@^5.0.0:
  version "5.1.1"
  resolved "https://registry.yarnpkg.com/readdirp/-/readdirp-5.1.1.tgz#520bca06f9d1ae1b96cc0800dbe84b983d19422c"
  integrity sha512-Kko+Y5XQ6fM+Ce3dq3m9YGxnacYZYl9cA1wZjaF3Vbry2L3i1qVg8+CAgNPsXRArPMUMCaOR7oa9Nqntc43JKA==

section-matter@^1.0.0:
  version "1.0.0"
  resolved "https://registry.yarnpkg.com/section-matter/-/section-matter-1.0.0.tgz#e9041953506780ec01d59f292a19c7b850b84167"
  integrity sha512-vfD3pmTzGpufjScBh50YHKzEu2lxBWhVEHsNGoEXmCmn2hKGfeNLYMzCJpe8cD7gqX7TJluOVpBkAequ6dgMmA==
  dependencies:
    extend-shallow "^2.0.1"
    kind-of "^6.0.0"

select@^1.1.2:
  version "1.1.2"
  resolved "https://registry.yarnpkg.com/select/-/select-1.1.2.tgz#0e7350acdec80b1108528786ec1d4418d11b396d"
  integrity sha512-OwpTSOfy6xSs1+pwcNrv0RBMOzI39Lp3qQKUTPVVPRjCdNa5JH/oPRiqsesIskK8TVgmRiHwO4KXlV2Li9dANA==

semver@^7.3.5:
  version "7.8.5"
  resolved "https://registry.yarnpkg.com/semver/-/semver-7.8.5.tgz#39b646037dd50c14fb451e7e4cac58ed8b863f69"
  integrity sha512-Y7/KDsb8LjooZpwaqGyulO6DQlksgCncchHGk+sZIY4SBvUocMBEFH5Ur1fI4dV+Jvl0w6cjvucaIi40puRioA==

slash@^5.0.0:
  version "5.1.0"
  resolved "https://registry.yarnpkg.com/slash/-/slash-5.1.0.tgz#be3adddcdf09ac38eebe8dcdc7b1a57a75b095ce"
  integrity sha512-ZA6oR3T/pEyuqwMgAKT0/hAv8oAXckzbkmR0UkUosQ+Mc4RxGoJkRmwHgHufaenlyAgE1Mxgpdcrf75y6XcnDg==

source-map-js@^1.2.1:
  version "1.2.1"
  resolved "https://registry.yarnpkg.com/source-map-js/-/source-map-js-1.2.1.tgz#1ce5650fddd87abc099eda37dcff024c2667ae46"
  integrity sha512-UXWMKhLOwVKb728IUtQPXxfYU+usdybtUrK/8uGE8CQMvrhOpwvzDBwj0QhSL7MQc7vIsISBG8VQ8+IDQxpfQA==

spdx-correct@^3.0.0:
  version "3.1.1"
  resolved "https://registry.yarnpkg.com/spdx-correct/-/spdx-correct-3.1.1.tgz#dece81ac9c1e6713e5f7d1b6f17d468fa53d89a9"
  integrity sha512-cOYcUWwhCuHCXi49RhFRCyJEK3iPj1Ziz9DpViV3tbZOwXD49QzIN3MpOLJNxh2qwq2lJJZaKMVw9qNi4jTC0w==
  dependencies:
    spdx-expression-parse "^3.0.0"
    spdx-license-ids "^3.0.0"

spdx-exceptions@^2.1.0:
  version "2.3.0"
  resolved "https://registry.yarnpkg.com/spdx-exceptions/-/spdx-exceptions-2.3.0.tgz#3f28ce1a77a00372683eade4a433183527a2163d"
  integrity sha512-/tTrYOC7PPI1nUAgx34hUpqXuyJG+DTHJTnIULG4rDygi4xu/tfgmq1e1cIRwRzwZgo4NLySi+ricLkZkw4i5A==

spdx-expression-parse@^3.0.0:
  version "3.0.1"
  resolved "https://registry.yarnpkg.com/spdx-expression-parse/-/spdx-expression-parse-3.0.1.tgz#cf70f50482eefdc98e3ce0a6833e4a53ceeba679"
  integrity sha512-cbqHunsQWnJNE6KhVSMsMeH5H/L9EpymbzqTQ3uLwNCLZ1Q481oWaofqH7nO6V07xlXwY6PhQdQ2IedWx/ZK4Q==
  dependencies:
    spdx-exceptions "^2.1.0"
    spdx-license-ids "^3.0.0"

spdx-license-ids@^3.0.0:
  version "3.0.12"
  resolved "https://registry.yarnpkg.com/spdx-license-ids/-/spdx-license-ids-3.0.12.tgz#69077835abe2710b65f03969898b6637b505a779"
  integrity sha512-rr+VVSXtRhO4OHbXUiAF7xW3Bo9DuuF6C5jH+q/x15j2jniycgKbxU09Hr0WqlSLUs4i4ltHGXqTe7VHclYWyA==

sprintf-js@~1.0.2:
  version "1.0.3"
  resolved "https://registry.yarnpkg.com/sprintf-js/-/sprintf-js-1.0.3.tgz#04e6926f662895354f3dd015203633b857297e2c"
  integrity sha512-D9cPgkvLlV3t3IzL0D0YLvGA9Ahk4PcvVwUbN0dSGr1aP0Nrt4AEnTUbuGvquEC0mA64Gqt1fzirlRs5ibXx8g==

string-width@^7.0.0, string-width@^7.2.0:
  version "7.2.0"
  resolved "https://registry.yarnpkg.com/string-width/-/string-width-7.2.0.tgz#b5bb8e2165ce275d4d43476dd2700ad9091db6dc"
  integrity sha512-tsaTIkKW9b4N+AEj+SVA+WhJzV7/zMhcSu78mLKWSk7cXMOSHsBKFWUs0fWwq8QyK3MgJBQRX6Gbi4kYbdvGkQ==
  dependencies:
    emoji-regex "^10.3.0"
    get-east-asian-width "^1.0.0"
    strip-ansi "^7.1.0"

string-width@^8.2.1:
  version "8.3.0"
  resolved "https://registry.yarnpkg.com/string-width/-/string-width-8.3.0.tgz#f1e85ca6d276ed9226c979c3651fb7abf548fbbe"
  integrity sha512-ZbmZM0JCihQN91dWnxoipT2KOEyHqEyfRXUyjuRhW8b/xnqPDoq4gWEVApTVa9db2wN8mmoikgFBbjh71+cGeQ==
  dependencies:
    get-east-asian-width "^1.5.0"
    strip-ansi "^7.1.2"

strip-ansi@^7.1.0, strip-ansi@^7.1.2:
  version "7.2.0"
  resolved "https://registry.yarnpkg.com/strip-ansi/-/strip-ansi-7.2.0.tgz#d22a269522836a627af8d04b5c3fd2c7fa3e32e3"
  integrity sha512-yDPMNjp4WyfYBkHnjIRLfca1i6KMyGCtsVgoKe/z1+6vukgaENdgGBZt+ZmKPc4gavvEZ5OgHfHdrazhgNyG7w==
  dependencies:
    ansi-regex "^6.2.2"

strip-bom-string@^1.0.0:
  version "1.0.0"
  resolved "https://registry.yarnpkg.com/strip-bom-string/-/strip-bom-string-1.0.0.tgz#e5211e9224369fbb81d633a2f00044dc8cedad92"
  integrity sha512-uCC2VHvQRYu+lMh4My/sFNmF2klFymLX1wHJeXnbEJERpV/ZsVuonzerjfrGpIGF7LBVa1O7i9kjiWvJiFck8g==

tagged-tag@^1.0.0:
  version "1.0.0"
  resolved "https://registry.yarnpkg.com/tagged-tag/-/tagged-tag-1.0.0.tgz#a0b5917c2864cba54841495abfa3f6b13edcf4d6"
  integrity sha512-yEFYrVhod+hdNyx7g5Bnkkb0G6si8HJurOoOEgC8B/O0uXLHlaey/65KRv6cuWBNhBgHKAROVpc7QyYqE5gFng==

tar@^7.5.2:
  version "7.5.22"
  resolved "https://registry.yarnpkg.com/tar/-/tar-7.5.22.tgz#a696f998136e71487dc3f869a85bba2c67971ba9"
  integrity sha512-MFO/QzvtAOmJbkhOaCTvbGcFN9L9b+JunIsDwaKljSOdcLMea3NJ1k9Usz/rjdfSXTq4dfzfeS7W4p4YOAAHeA==
  dependencies:
    "@isaacs/fs-minipass" "^4.0.0"
    chownr "^3.0.0"
    minipass "^7.1.2"
    minizlib "^3.1.0"
    yallist "^5.0.0"

thenby@^1.3.4:
  version "1.3.4"
  resolved "https://registry.yarnpkg.com/thenby/-/thenby-1.3.4.tgz#81581f6e1bb324c6dedeae9bfc28e59b1a2201cc"
  integrity sha512-89Gi5raiWA3QZ4b2ePcEwswC3me9JIg+ToSgtE0JWeCynLnLxNr/f9G+xfo9K+Oj4AFdom8YNJjibIARTJmapQ==

tiny-emitter@^2.0.0:
  version "2.1.0"
  resolved "https://registry.yarnpkg.com/tiny-emitter/-/tiny-emitter-2.1.0.tgz#1d1a56edfc51c43e863cbb5382a72330e3555423"
  integrity sha512-NB6Dk1A9xgQPMoGqC5CVXn123gWyte215ONT5Pp5a0yt4nlEoO1ZWeCwpncaekPHXO60i47ihFnZPiRPjRMq4Q==

tinyglobby@^0.2.12:
  version "0.2.12"
  resolved "https://registry.yarnpkg.com/tinyglobby/-/tinyglobby-0.2.12.tgz#ac941a42e0c5773bd0b5d08f32de82e74a1a61b5"
  integrity sha512-qkf4trmKSIiMTs/E63cxH+ojC2unam7rJ0WrauAzpT3ECNTxGRMlaXxVbfxMUC/w0LaYk6jQ4y/nGR9uBO3tww==
  dependencies:
    fdir "^6.4.3"
    picomatch "^4.0.2"

toml@^5.0.0:
  version "5.0.0"
  resolved "https://registry.yarnpkg.com/toml/-/toml-5.0.0.tgz#687e98925aa3a5039719d8c652ca30c21a99b7f3"
  integrity sha512-bsqEd+g7fzlrw7LEynQ6W6aOK/lTOlepz5x1sJyIV9fTZVJS2Q76nuju6FK+gZhW5bUpvB7mCEqdR0u4WziMFw==

type-fest@^4.39.1:
  version "4.41.0"
  resolved "https://registry.yarnpkg.com/type-fest/-/type-fest-4.41.0.tgz#6ae1c8e5731273c2bf1f58ad39cbae2c91a46c58"
  integrity sha512-TeTSQ6H5YHvpqVwBRcnLDCBnDOHWYu7IvGbHT6N8AOymcr9PJGjc1GTtiWZTYg0NCgYwvnYWEkVChQAr9bjfwA==

type-fest@^5.2.0, type-fest@^5.4.4:
  version "5.8.0"
  resolved "https://registry.yarnpkg.com/type-fest/-/type-fest-5.8.0.tgz#6d517998257c33159db4d4da6f18efa33bd47df3"
  integrity sha512-YGYEVz3Fm5iy/AybuA0oyNFq7H4CgQNfRp/qfe8nurE1kuCeNm3/vfm9X4Mtl+qLyaKJUh5xrFZwogr41SMjYA==
  dependencies:
    tagged-tag "^1.0.0"

unicorn-magic@^0.4.0:
  version "0.4.0"
  resolved "https://registry.yarnpkg.com/unicorn-magic/-/unicorn-magic-0.4.0.tgz#78c6a090fd6d07abd2468b83b385603e00dfdb24"
  integrity sha512-wH590V9VNgYH9g3lH9wWjTrUoKsjLF6sGLjhR4sH1LWpLmCOH0Zf7PukhDA8BiS7KHe4oPNkcTHqYkj7SOGUOw==

update-browserslist-db@^1.3.3:
  version "1.3.3"
  resolved "https://registry.yarnpkg.com/update-browserslist-db/-/update-browserslist-db-1.3.3.tgz#197e21fb2561fa89f8b94fad605a2b296a18993a"
  integrity sha512-pJ2sYawQS0R/WI928Gj5GlPhTGzbMelq0+4INtSYNDV9ErKJcX6xjGWkoG/VnB3dpUm00zALaqkrUD77pO5TDQ==
  dependencies:
    escalade "^3.2.0"
    picocolors "^1.1.1"

validate-npm-package-license@^3.0.4:
  version "3.0.4"
  resolved "https://registry.yarnpkg.com/validate-npm-package-license/-/validate-npm-package-license-3.0.4.tgz#fc91f6b9c7ba15c857f4cb2c5defeec39d4f410a"
  integrity sha512-DpKm2Ui/xN7/HQKCtpZxoRWBhZ9Z0kqtygG8XCgNQ8ZlDnxuQmWhj566j8fN4Cu3/JmbhsDo7fcAJq4s9h27Ew==
  dependencies:
    spdx-correct "^3.0.0"
    spdx-expression-parse "^3.0.0"

wrap-ansi@^9.0.0:
  version "9.0.2"
  resolved "https://registry.yarnpkg.com/wrap-ansi/-/wrap-ansi-9.0.2.tgz#956832dea9494306e6d209eb871643bb873d7c98"
  integrity sha512-42AtmgqjV+X1VpdOfyTGOYRi0/zsoLqtXQckTmqTeybT+BDIbM/Guxo7x3pE2vtpr1ok6xRqM9OpBe+Jyoqyww==
  dependencies:
    ansi-styles "^6.2.1"
    string-width "^7.0.0"
    strip-ansi "^7.1.0"

y18n@^5.0.5:
  version "5.0.8"
  resolved "https://registry.yarnpkg.com/y18n/-/y18n-5.0.8.tgz#7f4934d0f7ca8c56f95314939ddcd2dd91ce1d55"
  integrity sha512-0pfFzegeDWJHJIAmTLRP2DwHjdF5s7jo9tuztdQxAhINCdvS+3nGINqPd00AphqJR/0LhANUS6/+7SCb98YOfA==

yallist@^5.0.0:
  version "5.0.0"
  resolved "https://registry.yarnpkg.com/yallist/-/yallist-5.0.0.tgz#00e2de443639ed0d78fd87de0d27469fbcffb533"
  integrity sha512-YgvUTfwqyc7UXVMrB+SImsVYSmTS8X/tSrtdNZMImM+n7+QTriRXyXim0mBrTXNeqzVF0KWGgHPeiyViFFrNDw==

yargs-parser@^22.0.0:
  version "22.0.0"
  resolved "https://registry.yarnpkg.com/yargs-parser/-/yargs-parser-22.0.0.tgz#87b82094051b0567717346ecd00fd14804b357c8"
  integrity sha512-rwu/ClNdSMpkSrUb+d6BRsSkLUq1fmfsY6TOpYzTwvwkg1/NRG85KBy3kq++A8LKQwX6lsu+aWad+2khvuXrqw==

yargs@^18.0.0:
  version "18.2.0"
  resolved "https://registry.yarnpkg.com/yargs/-/yargs-18.2.0.tgz#c258276baa935fe8fb911d986067f6d0733e8608"
  integrity sha512-9OpKOLeaoNFecEp7P6iYbzze/5CqWoH7N3SMs/6y1XF4nMvFMspEGZzJ6uFi9MmQwXhyzqYoSEKO3tvA3Z/o2w==
  dependencies:
    cliui "^9.0.1"
    escalade "^3.1.1"
    get-caller-file "^2.0.5"
    string-width "^8.2.1"
    y18n "^5.0.5"
    yargs-parser "^22.0.0"

yoctocolors@^2.1.1:
  version "2.2.0"
  resolved "https://registry.yarnpkg.com/yoctocolors/-/yoctocolors-2.2.0.tgz#c4b68ee477f3982c33e4de24a5aa4a354be506d3"
  integrity sha512-xYqdZFUK/VYazNl/oCDYN+3WloWQwMfZxBoiNt6qNyk+xfOdi598muWE42rNZFp1kNOiqW936q5RhUdnpqElSg==
